
Microsoft Visual Studio Solution File, Format Version 12.00
# Visual Studio Version 17
VisualStudioVersion = 17.0.31903.59
MinimumVisualStudioVersion = 10.0.40219.1
Project("{2150E333-8FDC-42A3-9474-1A3956D46DE8}") = "src", "src", "{827E0CD3-B72D-47B6-A68D-7590B98EB39B}"
EndProject
Project("{FAE04EC0-301F-11D3-BF4B-00C04F79EFBC}") = "ApprovalFlow.Gateway", "src\ApprovalFlow.Gateway\ApprovalFlow.Gateway.csproj", "{2E301270-C54A-4155-A31C-0EA18C11FCD4}"
EndProject
Project("{FAE04EC0-301F-11D3-BF4B-00C04F79EFBC}") = "ApprovalFlow.Invoice", "src\ApprovalFlow.Invoice\ApprovalFlow.Invoice.csproj", "{75E820F2-E770-465E-865C-C1C420AD7F41}"
EndProject
Project("{FAE04EC0-301F-11D3-BF4B-00C04F79EFBC}") = "ApprovalFlow.Workflow", "src\ApprovalFlow.Workflow\ApprovalFlow.Workflow.csproj", "{0194D2B0-50D4-4FBE-A3F3-79F42CB9C88D}"
EndProject
Project("{FAE04EC0-301F-11D3-BF4B-00C04F79EFBC}") = "ApprovalFlow.Payment", "src\ApprovalFlow.Payment\ApprovalFlow.Payment.csproj", "{96B41AA0-3D4A-42DD-9BE0-203D1AE9C071}"
EndProject
Project("{FAE04EC0-301F-11D3-BF4B-00C04F79EFBC}") = "ApprovalFlow.Shared", "src\ApprovalFlow.Shared\ApprovalFlow.Shared.csproj", "{3EBE7834-42B8-4F8B-9137-1E02F6DA8562}"
EndProject
Project("{FAE04EC0-301F-11D3-BF4B-00C04F79EFBC}") = "ApprovalFlow.UI", "src\ApprovalFlow.UI\ApprovalFlow.UI.csproj", "{DAC99653-7B42-49A8-BFED-333748F4E45B}"
EndProject
Project("{2150E333-8FDC-42A3-9474-1A3956D46DE8}") = "tests", "tests", "{0AB3BF05-4346-4AA6-1389-037BE0695223}"
EndProject
Project("{FAE04EC0-301F-11D3-BF4B-00C04F79EFBC}") = "ApprovalFlow.Tests", "tests\ApprovalFlow.Tests\ApprovalFlow.Tests.csproj", "{8C8BCD73-B5AA-4B6A-A710-4039E9D49EB0}"
EndProject
Global
	GlobalSection(SolutionConfigurationPlatforms) = preSolution
		Debug|Any CPU = Debug|Any CPU
		Debug|x64 = Debug|x64
		Debug|x86 = Debug|x86
		Release|Any CPU = Release|Any CPU
		Release|x64 = Release|x64
		Release|x86 = Release|x86
	EndGlobalSection
	GlobalSection(ProjectConfigurationPlatforms) = postSolution
		{2E301270-C54A-4155-A31C-0EA18C11FCD4}.Debug|Any CPU.ActiveCfg = Debug|Any CPU
		{2E301270-C54A-4155-A31C-0EA18C11FCD4}.Debug|Any CPU.Build.0 = Debug|Any CPU
		{2E301270-C54A-4155-A31C-0EA18C11FCD4}.Debug|x64.ActiveCfg = Debug|Any CPU
		{2E301270-C54A-4155-A31C-0EA18C11FCD4}.Debug|x64.Build.0 = Debug|Any CPU
		{2E301270-C54A-4155-A31C-0EA18C11FCD4}.Debug|x86.ActiveCfg = Debug|Any CPU
		{2E301270-C54A-4155-A31C-0EA18C11FCD4}.Debug|x86.Build.0 = Debug|Any CPU
		{2E301270-C54A-4155-A31C-0EA18C11FCD4}.Release|Any CPU.ActiveCfg = Release|Any CPU
		{2E301270-C54A-4155-A31C-0EA18C11FCD4}.Release|Any CPU.Build.0 = Release|Any CPU
		{2E301270-C54A-4155-A31C-0EA18C11FCD4}.Release|x64.ActiveCfg = Release|Any CPU
		{2E301270-C54A-4155-A31C-0EA18C11FCD4}.Release|x64.Build.0 = Release|Any CPU
		{2E301270-C54A-4155-A31C-0EA18C11FCD4}.Release|x86.ActiveCfg = Release|Any CPU
		{2E301270-C54A-4155-A31C-0EA18C11FCD4}.Release|x86.Build.0 = Release|Any CPU
		{75E820F2-E770-465E-865C-C1C420AD7F41}.Debug|Any CPU.ActiveCfg = Debug|Any CPU
		{75E820F2-E770-465E-865C-C1C420AD7F41}.Debug|Any CPU.Build.0 = Debug|Any CPU
		{75E820F2-E770-465E-865C-C1C420AD7F41}.Debug|x64.ActiveCfg = Debug|Any CPU
		{75E820F2-E770-465E-865C-C1C420AD7F41}.Debug|x64.Build.0 = Debug|Any CPU
		{75E820F2-E770-465E-865C-C1C420AD7F41}.Debug|x86.ActiveCfg = Debug|Any CPU
		{75E820F2-E770-465E-865C-C1C420AD7F41}.Debug|x86.Build.0 = Debug|Any CPU
		{75E820F2-E770-465E-865C-C1C420AD7F41}.Release|Any CPU.ActiveCfg = Release|Any CPU
		{75E820F2-E770-465E-865C-C1C420AD7F41}.Release|Any CPU.Build.0 = Release|Any CPU
		{75E820F2-E770-465E-865C-C1C420AD7F41}.Release|x64.ActiveCfg = Release|Any CPU
		{75E820F2-E770-465E-865C-C1C420AD7F41}.Release|x64.Build.0 = Release|Any CPU
		{75E820F2-E770-465E-865C-C1C420AD7F41}.Release|x86.ActiveCfg = Release|Any CPU
		{75E820F2-E770-465E-865C-C1C420AD7F41}.Release|x86.Build.0 = Release|Any CPU
		{0194D2B0-50D4-4FBE-A3F3-79F42CB9C88D}.Debug|Any CPU.ActiveCfg = Debug|Any CPU
		{0194D2B0-50D4-4FBE-A3F3-79F42CB9C88D}.Debug|Any CPU.Build.0 = Debug|Any CPU
		{0194D2B0-50D4-4FBE-A3F3-79F42CB9C88D}.Debug|x64.ActiveCfg = Debug|Any CPU
		{0194D2B0-50D4-4FBE-A3F3-79F42CB9C88D}.Debug|x64.Build.0 = Debug|Any CPU
		{0194D2B0-50D4-4FBE-A3F3-79F42CB9C88D}.Debug|x86.ActiveCfg = Debug|Any CPU
		{0194D2B0-50D4-4FBE-A3F3-79F42CB9C88D}.Debug|x86.Build.0 = Debug|Any CPU
		{0194D2B0-50D4-4FBE-A3F3-79F42CB9C88D}.Release|Any CPU.ActiveCfg = Release|Any CPU
		{0194D2B0-50D4-4FBE-A3F3-79F42CB9C88D}.Release|Any CPU.Build.0 = Release|Any CPU
		{0194D2B0-50D4-4FBE-A3F3-79F42CB9C88D}.Release|x64.ActiveCfg = Release|Any CPU
		{0194D2B0-50D4-4FBE-A3F3-79F42CB9C88D}.Release|x64.Build.0 = Release|Any CPU
		{0194D2B0-50D4-4FBE-A3F3-79F42CB9C88D}.Release|x86.ActiveCfg = Release|Any CPU
		{0194D2B0-50D4-4FBE-A3F3-79F42CB9C88D}.Release|x86.Build.0 = Release|Any CPU
		{96B41AA0-3D4A-42DD-9BE0-203D1AE9C071}.Debug|Any CPU.ActiveCfg = Debug|Any CPU
		{96B41AA0-3D4A-42DD-9BE0-203D1AE9C071}.Debug|Any CPU.Build.0 = Debug|Any CPU
		{96B41AA0-3D4A-42DD-9BE0-203D1AE9C071}.Debug|x64.ActiveCfg = Debug|Any CPU
		{96B41AA0-3D4A-42DD-9BE0-203D1AE9C071}.Debug|x64.Build.0 = Debug|Any CPU
		{96B41AA0-3D4A-42DD-9BE0-203D1AE9C071}.Debug|x86.ActiveCfg = Debug|Any CPU
		{96B41AA0-3D4A-42DD-9BE0-203D1AE9C071}.Debug|x86.Build.0 = Debug|Any CPU
		{96B41AA0-3D4A-42DD-9BE0-203D1AE9C071}.Release|Any CPU.ActiveCfg = Release|Any CPU
		{96B41AA0-3D4A-42DD-9BE0-203D1AE9C071}.Release|Any CPU.Build.0 = Release|Any CPU
		{96B41AA0-3D4A-42DD-9BE0-203D1AE9C071}.Release|x64.ActiveCfg = Release|Any CPU
		{96B41AA0-3D4A-42DD-9BE0-203D1AE9C071}.Release|x64.Build.0 = Release|Any CPU
		{96B41AA0-3D4A-42DD-9BE0-203D1AE9C071}.Release|x86.ActiveCfg = Release|Any CPU
		{96B41AA0-3D4A-42DD-9BE0-203D1AE9C071}.Release|x86.Build.0 = Release|Any CPU
		{3EBE7834-42B8-4F8B-9137-1E02F6DA8562}.Debug|Any CPU.ActiveCfg = Debug|Any CPU
		{3EBE7834-42B8-4F8B-9137-1E02F6DA8562}.Debug|Any CPU.Build.0 = Debug|Any CPU
		{3EBE7834-42B8-4F8B-9137-1E02F6DA8562}.Debug|x64.ActiveCfg = Debug|Any CPU
		{3EBE7834-42B8-4F8B-9137-1E02F6DA8562}.Debug|x64.Build.0 = Debug|Any CPU
		{3EBE7834-42B8-4F8B-9137-1E02F6DA8562}.Debug|x86.ActiveCfg = Debug|Any CPU
		{3EBE7834-42B8-4F8B-9137-1E02F6DA8562}.Debug|x86.Build.0 = Debug|Any CPU
		{3EBE7834-42B8-4F8B-9137-1E02F6DA8562}.Release|Any CPU.ActiveCfg = Release|Any CPU
		{3EBE7834-42B8-4F8B-9137-1E02F6DA8562}.Release|Any CPU.Build.0 = Release|Any CPU
		{3EBE7834-42B8-4F8B-9137-1E02F6DA8562}.Release|x64.ActiveCfg = Release|Any CPU
		{3EBE7834-42B8-4F8B-9137-1E02F6DA8562}.Release|x64.Build.0 = Release|Any CPU
		{3EBE7834-42B8-4F8B-9137-1E02F6DA8562}.Release|x86.ActiveCfg = Release|Any CPU
		{3EBE7834-42B8-4F8B-9137-1E02F6DA8562}.Release|x86.Build.0 = Release|Any CPU
		{DAC99653-7B42-49A8-BFED-333748F4E45B}.Debug|Any CPU.ActiveCfg = Debug|Any CPU
		{DAC99653-7B42-49A8-BFED-333748F4E45B}.Debug|Any CPU.Build.0 = Debug|Any CPU
		{DAC99653-7B42-49A8-BFED-333748F4E45B}.Debug|x64.ActiveCfg = Debug|Any CPU
		{DAC99653-7B42-49A8-BFED-333748F4E45B}.Debug|x64.Build.0 = Debug|Any CPU
		{DAC99653-7B42-49A8-BFED-333748F4E45B}.Debug|x86.ActiveCfg = Debug|Any CPU
		{DAC99653-7B42-49A8-BFED-333748F4E45B}.Debug|x86.Build.0 = Debug|Any CPU
		{DAC99653-7B42-49A8-BFED-333748F4E45B}.Release|Any CPU.ActiveCfg = Release|Any CPU
		{DAC99653-7B42-49A8-BFED-333748F4E45B}.Release|Any CPU.Build.0 = Release|Any CPU
		{DAC99653-7B42-49A8-BFED-333748F4E45B}.Release|x64.ActiveCfg = Release|Any CPU
		{DAC99653-7B42-49A8-BFED-333748F4E45B}.Release|x64.Build.0 = Release|Any CPU
		{DAC99653-7B42-49A8-BFED-333748F4E45B}.Release|x86.ActiveCfg = Release|Any CPU
		{DAC99653-7B42-49A8-BFED-333748F4E45B}.Release|x86.Build.0 = Release|Any CPU
		{8C8BCD73-B5AA-4B6A-A710-4039E9D49EB0}.Debug|Any CPU.ActiveCfg = Debug|Any CPU
		{8C8BCD73-B5AA-4B6A-A710-4039E9D49EB0}.Debug|Any CPU.Build.0 = Debug|Any CPU
		{8C8BCD73-B5AA-4B6A-A710-4039E9D49EB0}.Debug|x64.ActiveCfg = Debug|Any CPU
		{8C8BCD73-B5AA-4B6A-A710-4039E9D49EB0}.Debug|x64.Build.0 = Debug|Any CPU
		{8C8BCD73-B5AA-4B6A-A710-4039E9D49EB0}.Debug|x86.ActiveCfg = Debug|Any CPU
		{8C8BCD73-B5AA-4B6A-A710-4039E9D49EB0}.Debug|x86.Build.0 = Debug|Any CPU
		{8C8BCD73-B5AA-4B6A-A710-4039E9D49EB0}.Release|Any CPU.ActiveCfg = Release|Any CPU
		{8C8BCD73-B5AA-4B6A-A710-4039E9D49EB0}.Release|Any CPU.Build.0 = Release|Any CPU
		{8C8BCD73-B5AA-4B6A-A710-4039E9D49EB0}.Release|x64.ActiveCfg = Release|Any CPU
		{8C8BCD73-B5AA-4B6A-A710-4039E9D49EB0}.Release|x64.Build.0 = Release|Any CPU
		{8C8BCD73-B5AA-4B6A-A710-4039E9D49EB0}.Release|x86.ActiveCfg = Release|Any CPU
		{8C8BCD73-B5AA-4B6A-A710-4039E9D49EB0}.Release|x86.Build.0 = Release|Any CPU
	EndGlobalSection
	GlobalSection(SolutionProperties) = preSolution
		HideSolutionNode = FALSE
	EndGlobalSection
	GlobalSection(NestedProjects) = preSolution
		{2E301270-C54A-4155-A31C-0EA18C11FCD4} = {827E0CD3-B72D-47B6-A68D-7590B98EB39B}
		{75E820F2-E770-465E-865C-C1C420AD7F41} = {827E0CD3-B72D-47B6-A68D-7590B98EB39B}
		{0194D2B0-50D4-4FBE-A3F3-79F42CB9C88D} = {827E0CD3-B72D-47B6-A68D-7590B98EB39B}
		{96B41AA0-3D4A-42DD-9BE0-203D1AE9C071} = {827E0CD3-B72D-47B6-A68D-7590B98EB39B}
		{3EBE7834-42B8-4F8B-9137-1E02F6DA8562} = {827E0CD3-B72D-47B6-A68D-7590B98EB39B}
		{DAC99653-7B42-49A8-BFED-333748F4E45B} = {827E0CD3-B72D-47B6-A68D-7590B98EB39B}
		{8C8BCD73-B5AA-4B6A-A710-4039E9D49EB0} = {0AB3BF05-4346-4AA6-1389-037BE0695223}
	EndGlobalSection
EndGlobal
